// !$*UTF8*$!
{
	archiveVersion = 1;
	classes = {
	};
	objectVersion = 46;
	objects = {

/* Begin PBXBuildFile section */
		278125161D1A1F39001B9F5A /* AppDelegate.swift in Sources */ = {isa = PBXBuildFile; fileRef = 278125151D1A1F39001B9F5A /* AppDelegate.swift */; };
		278125181D1A1F39001B9F5A /* ViewController.swift in Sources */ = {isa = PBXBuildFile; fileRef = 278125171D1A1F39001B9F5A /* ViewController.swift */; };
		2781251B1D1A1F39001B9F5A /* Main.storyboard in Resources */ = {isa = PBXBuildFile; fileRef = 278125191D1A1F39001B9F5A /* Main.storyboard */; };
		2781251D1D1A1F39001B9F5A /* Images.xcassets in Resources */ = {isa = PBXBuildFile; fileRef = 2781251C1D1A1F39001B9F5A /* Images.xcassets */; };
		278125201D1A1F39001B9F5A /* LaunchScreen.xib in Resources */ = {isa = PBXBuildFile; fileRef = 2781251E1D1A1F39001B9F5A /* LaunchScreen.xib */; };
		2781252C1D1A1F39001B9F5A /* githubrepo1Tests.swift in Sources */ = {isa = PBXBuildFile; fileRef = 2781252B1D1A1F39001B9F5A /* githubrepo1Tests.swift */; };
/* End PBXBuildFile section */

/* Begin PBXContainerItemProxy section */
		278125261D1A1F39001B9F5A /* PBXContainerItemProxy */ = {
			isa = PBXContainerItemProxy;
			containerPortal = 278125081D1A1F39001B9F5A /* Project object */;
			proxyType = 1;
			remoteGlobalIDString = 2781250F1D1A1F39001B9F5A;
			remoteInfo = githubrepo1;
		};
/* End PBXContainerItemProxy section */

/* Begin PBXFileReference section */
		278125101D1A1F39001B9F5A /* githubrepo1.app */ = {isa = PBXFileReference; explicitFileType = wrapper.application; includeInIndex = 0; path = githubrepo1.app; sourceTree = BUILT_PRODUCTS_DIR; };
		278125141D1A1F39001B9F5A /* Info.plist */ = {isa = PBXFileReference; lastKnownFileType = text.plist.xml; path = Info.plist; sourceTree = "<group>"; };
		278125151D1A1F39001B9F5A /* AppDelegate.swift */ = {isa = PBXFileReference; lastKnownFileType = sourcecode.swift; path = AppDelegate.swift; sourceTree = "<group>"; };
		278125171D1A1F39001B9F5A /* ViewController.swift */ = {isa = PBXFileReference; lastKnownFileType = sourcecode.swift; path = ViewController.swift; sourceTree = "<group>"; };
		2781251A1D1A1F39001B9F5A /* Base */ = {isa = PBXFileReference; lastKnownFileType = file.storyboard; name = Base; path = Base.lproj/Main.storyboard; sourceTree = "<group>"; };
		2781251C1D1A1F39001B9F5A /* Images.xcassets */ = {isa = PBXFileReference; lastKnownFileType = folder.assetcatalog; path = Images.xcassets; sourceTree = "<group>"; };
		2781251F1D1A1F39001B9F5A /* Base */ = {isa = PBXFileReference; lastKnownFileType = file.xib; name = Base; path = Base.lproj/LaunchScreen.xib; sourceTree = "<group>"; };
		278125251D1A1F39001B9F5A /* githubrepo1Tests.xctest */ = {isa = PBXFileReference; explicitFileType = wrapper.cfbundle; includeInIndex = 0; path = githubrepo1Tests.xctest; sourceTree = BUILT_PRODUCTS_DIR; };
		2781252A1D1A1F39001B9F5A /* Info.plist */ = {isa = PBXFileReference; lastKnownFileType = text.plist.xml; path = Info.plist; sourceTree = "<group>"; };
		2781252B1D1A1F39001B9F5A /* githubrepo1Tests.swift */ = {isa = PBXFileReference; lastKnownFileType = sourcecode.swift; path = githubrepo1Tests.swift; sourceTree = "<group>"; };
/* End PBXFileReference section */

/* Begin PBXFrameworksBuildPhase section */
		2781250D1D1A1F39001B9F5A /* Frameworks */ = {
			isa = PBXFrameworksBuildPhase;
			buildActionMask = 2147483647;
			files = (
			);
			runOnlyForDeploymentPostprocessing = 0;
		};
		278125221D1A1F39001B9F5A /* Frameworks */ = {
			isa = PBXFrameworksBuildPhase;
			buildActionMask = 2147483647;
			files = (
			);
			runOnlyForDeploymentPostprocessing = 0;
		};
/* End PBXFrameworksBuildPhase section */

/* Begin PBXGroup section */
		278125071D1A1F39001B9F5A = {
			isa = PBXGroup;
			children = (
				278125121D1A1F39001B9F5A /* githubrepo1 */,
				278125281D1A1F39001B9F5A /* githubrepo1Tests */,
				278125111D1A1F39001B9F5A /* Products */,
			);
			sourceTree = "<group>";
		};
		278125111D1A1F39001B9F5A /* Products */ = {
			isa = PBXGroup;
			children = (
				278125101D1A1F39001B9F5A /* githubrepo1.app */,
				278125251D1A1F39001B9F5A /* githubrepo1Tests.xctest */,
			);
			name = Products;
			sourceTree = "<group>";
		};
		278125121D1A1F39001B9F5A /* githubrepo1 */ = {
			isa = PBXGroup;
			children = (
				278125151D1A1F39001B9F5A /* AppDelegate.swift */,
				278125171D1A1F39001B9F5A /* ViewController.swift */,
				278125191D1A1F39001B9F5A /* Main.storyboard */,
				2781251C1D1A1F39001B9F5A /* Images.xcassets */,
				2781251E1D1A1F39001B9F5A /* LaunchScreen.xib */,
				278125131D1A1F39001B9F5A /* Supporting Files */,
			);
			path = githubrepo1;
			sourceTree = "<group>";
		};
		278125131D1A1F39001B9F5A /* Supporting Files */ = {
			isa = PBXGroup;
			children = (
				278125141D1A1F39001B9F5A /* Info.plist */,
			);
			name = "Supporting Files";
			sourceTree = "<group>";
		};
		278125281D1A1F39001B9F5A /* githubrepo1Tests */ = {
			isa = PBXGroup;
			children = (
				2781252B1D1A1F39001B9F5A /* githubrepo1Tests.swift */,
				278125291D1A1F39001B9F5A /* Supporting Files */,
			);
			path = githubrepo1Tests;
			sourceTree = "<group>";
		};
		278125291D1A1F39001B9F5A /* Supporting Files */ = {
			isa = PBXGroup;
			children = (
				2781252A1D1A1F39001B9F5A /* Info.plist */,
			);
			name = "Supporting Files";
			sourceTree = "<group>";
		};
/* End PBXGroup section */

/* Begin PBXNativeTarget section */
		2781250F1D1A1F39001B9F5A /* githubrepo1 */ = {
			isa = PBXNativeTarget;
			buildConfigurationList = 2781252F1D1A1F39001B9F5A /* Build configuration list for PBXNativeTarget "githubrepo1" */;
			buildPhases = (
				2781250C1D1A1F39001B9F5A /* Sources */,
				2781250D1D1A1F39001B9F5A /* Frameworks */,
				2781250E1D1A1F39001B9F5A /* Resources */,
			);
			buildRules = (
			);
			dependencies = (
			);
			name = githubrepo1;
			productName = githubrepo1;
			productReference = 278125101D1A1F39001B9F5A /* githubrepo1.app */;
			productType = "com.apple.product-type.application";
		};
		278125241D1A1F39001B9F5A /* githubrepo1Tests */ = {
			isa = PBXNativeTarget;
			buildConfigurationList = 278125321D1A1F39001B9F5A /* Build configuration list for PBXNativeTarget "githubrepo1Tests" */;
			buildPhases = (
				278125211D1A1F39001B9F5A /* Sources */,
				278125221D1A1F39001B9F5A /* Frameworks */,
				278125231D1A1F39001B9F5A /* Resources */,
			);
			buildRules = (
			);
			dependencies = (
				278125271D1A1F39001B9F5A /* PBXTargetDependency */,
			);
			name = githubrepo1Tests;
			productName = githubrepo1Tests;
			productReference = 278125251D1A1F39001B9F5A /* githubrepo1Tests.xctest */;
			productType = "com.apple.product-type.bundle.unit-test";
		};
/* End PBXNativeTarget section */

/* Begin PBXProject section */
		278125081D1A1F39001B9F5A /* Project object */ = {
			isa = PBXProject;
			attributes = {
				LastUpgradeCheck = 0640;
				ORGANIZATIONNAME = Eli;
				TargetAttributes = {
					2781250F1D1A1F39001B9F5A = {
						CreatedOnToolsVersion = 6.4;
					};
					278125241D1A1F39001B9F5A = {
						CreatedOnToolsVersion = 6.4;
						TestTargetID = 2781250F1D1A1F39001B9F5A;
					};
				};
			};
			buildConfigurationList = 2781250B1D1A1F39001B9F5A /* Build configuration list for PBXProject "githubrepo1" */;
			compatibilityVersion = "Xcode 3.2";
			developmentRegion = English;
			hasScannedForEncodings = 0;
			knownRegions = (
				en,
				Base,
			);
			mainGroup = 278125071D1A1F39001B9F5A;
			productRefGroup = 278125111D1A1F39001B9F5A /* Products */;
			projectDirPath = "";
			projectRoot = "";
			targets = (
				2781250F1D1A1F39001B9F5A /* githubrepo1 */,
				278125241D1A1F39001B9F5A /* githubrepo1Tests */,
			);
		};
/* End PBXProject section */

/* Begin PBXResourcesBuildPhase section */
		2781250E1D1A1F39001B9F5A /* Resources */ = {
			isa = PBXResourcesBuildPhase;
			buildActionMask = 2147483647;
			files = (
				2781251B1D1A1F39001B9F5A /* Main.storyboard in Resources */,
				278125201D1A1F39001B9F5A /* LaunchScreen.xib in Resources */,
				2781251D1D1A1F39001B9F5A /* Images.xcassets in Resources */,
			);
			runOnlyForDeploymentPostprocessing = 0;
		};
		278125231D1A1F39001B9F5A /* Resources */ = {
			isa = PBXResourcesBuildPhase;
			buildActionMask = 2147483647;
			files = (
			);
			runOnlyForDeploymentPostprocessing = 0;
		};
/* End PBXResourcesBuildPhase section */

/* Begin PBXSourcesBuildPhase section */
		2781250C1D1A1F39001B9F5A /* Sources */ = {
			isa = PBXSourcesBuildPhase;
			buildActionMask = 2147483647;
			files = (
				278125181D1A1F39001B9F5A /* ViewController.swift in Sources */,
				278125161D1A1F39001B9F5A /* AppDelegate.swift in Sources */,
			);
			runOnlyForDeploymentPostprocessing = 0;
		};
		278125211D1A1F39001B9F5A /* Sources */ = {
			isa = PBXSourcesBuildPhase;
			buildActionMask = 2147483647;
			files = (
				2781252C1D1A1F39001B9F5A /* githubrepo1Tests.swift in Sources */,
			);
			runOnlyForDeploymentPostprocessing = 0;
		};
/* End PBXSourcesBuildPhase section */

/* Begin PBXTargetDependency section */
		278125271D1A1F39001B9F5A /* PBXTargetDependency */ = {
			isa = PBXTargetDependency;
			target = 2781250F1D1A1F39001B9F5A /* githubrepo1 */;
			targetProxy = 278125261D1A1F39001B9F5A /* PBXContainerItemProxy */;
		};
/* End PBXTargetDependency section */

/* Begin PBXVariantGroup section */
		278125191D1A1F39001B9F5A /* Main.storyboard */ = {
			isa = PBXVariantGroup;
			children = (
				2781251A1D1A1F39001B9F5A /* Base */,
			);
			name = Main.storyboard;
			sourceTree = "<group>";
		};
		2781251E1D1A1F39001B9F5A /* LaunchScreen.xib */ = {
			isa = PBXVariantGroup;
			children = (
				2781251F1D1A1F39001B9F5A /* Base */,
			);
			name = LaunchScreen.xib;
			sourceTree = "<group>";
		};
/* End PBXVariantGroup section */

/* Begin XCBuildConfiguration section */
		2781252D1D1A1F39001B9F5A /* Debug */ = {
			isa = XCBuildConfiguration;
			buildSettings = {
				ALWAYS_SEARCH_USER_PATHS = NO;
				CLANG_CXX_LANGUAGE_STANDARD = "gnu++0x";
				CLANG_CXX_LIBRARY = "libc++";
				CLANG_ENABLE_MODULES = YES;
				CLANG_ENABLE_OBJC_ARC = YES;
				CLANG_WARN_BOOL_CONVERSION = YES;
				CLANG_WARN_CONSTANT_CONVERSION = YES;
				CLANG_WARN_DIRECT_OBJC_ISA_USAGE = YES_ERROR;
				CLANG_WARN_EMPTY_BODY = YES;
				CLANG_WARN_ENUM_CONVERSION = YES;
				CLANG_WARN_INT_CONVERSION = YES;
				CLANG_WARN_OBJC_ROOT_CLASS = YES_ERROR;
				CLANG_WARN_UNREACHABLE_CODE = YES;
				CLANG_WARN__DUPLICATE_METHOD_MATCH = YES;
				"CODE_SIGN_IDENTITY[sdk=iphoneos*]" = "iPhone Developer";
				COPY_PHASE_STRIP = NO;
				DEBUG_INFORMATION_FORMAT = "dwarf-with-dsym";
				ENABLE_STRICT_OBJC_MSGSEND = YES;
				GCC_C_LANGUAGE_STANDARD = gnu99;
				GCC_DYNAMIC_NO_PIC = NO;
				GCC_NO_COMMON_BLOCKS = YES;
				GCC_OPTIMIZATION_LEVEL = 0;
				GCC_PREPROCESSOR_DEFINITIONS = (
					"DEBUG=1",
					"$(inherited)",
				);
				GCC_SYMBOLS_PRIVATE_EXTERN = NO;
				GCC_WARN_64_TO_32_BIT_CONVERSION = YES;
				GCC_WARN_ABOUT_RETURN_TYPE = YES_ERROR;
				GCC_WARN_UNDECLARED_SELECTOR = YES;
				GCC_WARN_UNINITIALIZED_AUTOS = YES_AGGRESSIVE;
				GCC_WARN_UNUSED_FUNCTION = YES;
				GCC_WARN_UNUSED_VARIABLE = YES;
				IPHONEOS_DEPLOYMENT_TARGET = 8.4;
				MTL_ENABLE_DEBUG_INFO = YES;
				ONLY_ACTIVE_ARCH = YES;
				SDKROOT = iphoneos;
				SWIFT_OPTIMIZATION_LEVEL = "-Onone";
			};
			name = Debug;
		};
		2781252E1D1A1F39001B9F5A /* Release */ = {
			isa = XCBuildConfiguration;
			buildSettings = {
				ALWAYS_SEARCH_USER_PATHS = NO;
				CLANG_CXX_LANGUAGE_STANDARD = "gnu++0x";
				CLANG_CXX_LIBRARY = "libc++";
				CLANG_ENABLE_MODULES = YES;
				CLANG_ENABLE_OBJC_ARC = YES;
				CLANG_WARN_BOOL_CONVERSION = YES;
				CLANG_WARN_CONSTANT_CONVERSION = YES;
				CLANG_WARN_DIRECT_OBJC_ISA_USAGE = YES_ERROR;
				CLANG_WARN_EMPTY_BODY = YES;
				CLANG_WARN_ENUM_CONVERSION = YES;
				CLANG_WARN_INT_CONVERSION = YES;
				CLANG_WARN_OBJC_ROOT_CLASS = YES_ERROR;
				CLANG_WARN_UNREACHABLE_CODE = YES;
				CLANG_WARN__DUPLICATE_METHOD_MATCH = YES;
				"CODE_SIGN_IDENTITY[sdk=iphoneos*]" = "iPhone Developer";
				COPY_PHASE_STRIP = NO;
				DEBUG_INFORMATION_FORMAT = "dwarf-with-dsym";
				ENABLE_NS_ASSERTIONS = NO;
				ENABLE_STRICT_OBJC_MSGSEND = YES;
				GCC_C_LANGUAGE_STANDARD = gnu99;
				GCC_NO_COMMON_BLOCKS = YES;
				GCC_WARN_64_TO_32_BIT_CONVERSION = YES;
				GCC_WARN_ABOUT_RETURN_TYPE = YES_ERROR;
				GCC_WARN_UNDECLARED_SELECTOR = YES;
				GCC_WARN_UNINITIALIZED_AUTOS = YES_AGGRESSIVE;
				GCC_WARN_UNUSED_FUNCTION = YES;
				GCC_WARN_UNUSED_VARIABLE = YES;
				IPHONEOS_DEPLOYMENT_TARGET = 8.4;
				MTL_ENABLE_DEBUG_INFO = NO;
				SDKROOT = iphoneos;
				VALIDATE_PRODUCT = YES;
			};
			name = Release;
		};
		278125301D1A1F39001B9F5A /* Debug */ = {
			isa = XCBuildConfiguration;
			buildSettings = {
				ASSETCATALOG_COMPILER_APPICON_NAME = AppIcon;
				INFOPLIST_FILE = githubrepo1/Info.plist;
				LD_RUNPATH_SEARCH_PATHS = "$(inherited) @executable_path/Frameworks";
				PRODUCT_NAME = "$(TARGET_NAME)";
			};
			name = Debug;
		};
		278125311D1A1F39001B9F5A /* Release */ = {
			isa = XCBuildConfiguration;
			buildSettings = {
				ASSETCATALOG_COMPILER_APPICON_NAME = AppIcon;
				INFOPLIST_FILE = githubrepo1/Info.plist;
				LD_RUNPATH_SEARCH_PATHS = "$(inherited) @executable_path/Frameworks";
				PRODUCT_NAME = "$(TARGET_NAME)";
			};
			name = Release;
		};
		278125331D1A1F39001B9F5A /* Debug */ = {
			isa = XCBuildConfiguration;
			buildSettings = {
				BUNDLE_LOADER = "$(TEST_HOST)";
				FRAMEWORK_SEARCH_PATHS = (
					"$(SDKROOT)/Developer/Library/Frameworks",
					"$(inherited)",
				);
				GCC_PREPROCESSOR_DEFINITIONS = (
					"DEBUG=1",
					"$(inherited)",
				);
				INFOPLIST_FILE = githubrepo1Tests/Info.plist;
				LD_RUNPATH_SEARCH_PATHS = "$(inherited) @executable_path/Frameworks @loader_path/Frameworks";
				PRODUCT_NAME = "$(TARGET_NAME)";
				TEST_HOST = "$(BUILT_PRODUCTS_DIR)/githubrepo1.app/githubrepo1";
			};
			name = Debug;
		};
		278125341D1A1F39001B9F5A /* Release */ = {
			isa = XCBuildConfiguration;
			buildSettings = {
				BUNDLE_LOADER = "$(TEST_HOST)";
				FRAMEWORK_SEARCH_PATHS = (
					"$(SDKROOT)/Developer/Library/Frameworks",
					"$(inherited)",
				);
				INFOPLIST_FILE = githubrepo1Tests/Info.plist;
				LD_RUNPATH_SEARCH_PATHS = "$(inherited) @executable_path/Frameworks @loader_path/Frameworks";
				PRODUCT_NAME = "$(TARGET_NAME)";
				TEST_HOST = "$(BUILT_PRODUCTS_DIR)/githubrepo1.app/githubrepo1";
			};
			name = Release;
		};
/* End XCBuildConfiguration section */

/* Begin XCConfigurationList section */
		2781250B1D1A1F39001B9F5A /* Build configuration list for PBXProject "githubrepo1" */ = {
			isa = XCConfigurationList;
			buildConfigurations = (
				2781252D1D1A1F39001B9F5A /* Debug */,
				2781252E1D1A1F39001B9F5A /* Release */,
			);
			defaultConfigurationIsVisible = 0;
			defaultConfigurationName = Release;
		};
		2781252F1D1A1F39001B9F5A /* Build configuration list for PBXNativeTarget "githubrepo1" */ = {
			isa = XCConfigurationList;
			buildConfigurations = (
				278125301D1A1F39001B9F5A /* Debug */,
				278125311D1A1F39001B9F5A /* Release */,
			);
			defaultConfigurationIsVisible = 0;
		};
		278125321D1A1F39001B9F5A /* Build configuration list for PBXNativeTarget "githubrepo1Tests" */ = {
			isa = XCConfigurationList;
			buildConfigurations = (
				278125331D1A1F39001B9F5A /* Debug */,
				278125341D1A1F39001B9F5A /* Release */,
			);
			defaultConfigurationIsVisible = 0;
		};
/* End XCConfigurationList section */
	};
	rootObject = 278125081D1A1F39001B9F5A /* Project object */;
}
